
Microsoft Visual Studio Solution File, Format Version 12.00
# Visual Studio Version 17
VisualStudioVersion = 17.5.33627.172
MinimumVisualStudioVersion = 10.0.40219.1
Project("{FAE04EC0-301F-11D3-BF4B-00C04F79EFBC}") = "DelegateDemo", "DelegateDemo.csproj", "{5FBE10E2-6E70-46B4-A3F3-BEA1C454F74C}"
EndProject
Global
	GlobalSection(SolutionConfigurationPlatforms) = preSolution
		Debug|Any CPU = Debug|Any CPU
		Release|Any CPU = Release|Any CPU
	EndGlobalSection
	GlobalSection(ProjectConfigurationPlatforms) = postSolution
		{5FBE10E2-6E70-46B4-A3F3-BEA1C454F74C}.Debug|Any CPU.ActiveCfg = Debug|Any CPU
		{5FBE10E2-6E70-46B4-A3F3-BEA1C454F74C}.Debug|Any CPU.Build.0 = Debug|Any CPU
		{5FBE10E2-6E70-46B4-A3F3-BEA1C454F74C}.Release|Any CPU.ActiveCfg = Release|Any CPU
		{5FBE10E2-6E70-46B4-A3F3-BEA1C454F74C}.Release|Any CPU.Build.0 = Release|Any CPU
	EndGlobalSection
	GlobalSection(SolutionProperties) = preSolution
		HideSolutionNode = FALSE
	EndGlobalSection
	GlobalSection(ExtensibilityGlobals) = postSolution
		SolutionGuid = {5A464BB1-7E78-4968-9F5D-3C129ADE0B8C}
	EndGlobalSection
EndGlobal
